
Microsoft Visual Studio Solution File, Format Version 12.00
# Visual Studio 15
VisualStudioVersion = 15.0.28307.539
MinimumVisualStudioVersion = 10.0.40219.1
Project("{FAE04EC0-301F-11D3-BF4B-00C04F79EFBC}") = "Week6CapstoneTaskListRevisited", "Week6CapstoneTaskListRevisited\Week6CapstoneTaskListRevisited.csproj", "{24CA8016-5A87-4BEC-B5DA-D7547673E87B}"
EndProject
Global
	GlobalSection(SolutionConfigurationPlatforms) = preSolution
		Debug|Any CPU = Debug|Any CPU
		Release|Any CPU = Release|Any CPU
	EndGlobalSection
	GlobalSection(ProjectConfigurationPlatforms) = postSolution
		{24CA8016-5A87-4BEC-B5DA-D7547673E87B}.Debug|Any CPU.ActiveCfg = Debug|Any CPU
		{24CA8016-5A87-4BEC-B5DA-D7547673E87B}.Debug|Any CPU.Build.0 = Debug|Any CPU
		{24CA8016-5A87-4BEC-B5DA-D7547673E87B}.Release|Any CPU.ActiveCfg = Release|Any CPU
		{24CA8016-5A87-4BEC-B5DA-D7547673E87B}.Release|Any CPU.Build.0 = Release|Any CPU
	EndGlobalSection
	GlobalSection(SolutionProperties) = preSolution
		HideSolutionNode = FALSE
	EndGlobalSection
	GlobalSection(ExtensibilityGlobals) = postSolution
		SolutionGuid = {A6C72B57-3D61-401D-848D-8AD65431EFD6}
	EndGlobalSection
EndGlobal
